
Microsoft Visual Studio Solution File, Format Version 12.00
# Visual Studio Version 16
VisualStudioVersion = 16.0.30413.136
MinimumVisualStudioVersion = 10.0.40219.1
Project("{9A19103F-16F7-4668-BE54-9A1E7A4F7556}") = "ElasticSearchPoC.Console", "ElasticSearchPoC.Console\ElasticSearchPoC.Console.csproj", "{8603C298-4C98-43ED-A4ED-E1E71EAB2D8D}"
EndProject
Project("{9A19103F-16F7-4668-BE54-9A1E7A4F7556}") = "ElasticSearchPoC.PreSearchValidationStage", "ElasticSearchPoC.PreSearchValidationStage\ElasticSearchPoC.PreSearchValidationStage.csproj", "{9D207DE0-EA64-4FD8-B611-D154058F62EF}"
EndProject
Project("{9A19103F-16F7-4668-BE54-9A1E7A4F7556}") = "ElasticSearchPoC.Common", "ElasticSearchPoC.Common\ElasticSearchPoC.Common.csproj", "{7C7CF6C0-A294-43E0-97D6-9DE3AE6666BF}"
EndProject
Project("{9A19103F-16F7-4668-BE54-9A1E7A4F7556}") = "ElasticSearchPoC.SearchStage", "ElasticSearchPoC.SearchStage\ElasticSearchPoC.SearchStage.csproj", "{A770BF36-363B-47C8-A1F6-44BC4B2ADA90}"
EndProject
Project("{9A19103F-16F7-4668-BE54-9A1E7A4F7556}") = "ElasticSearchPoC.PostSearchChecksStage", "ElasticSearchPoC.PostSearchChecksStage\ElasticSearchPoC.PostSearchChecksStage.csproj", "{8878499B-7F34-42C0-BFE3-CE3CC53ADF39}"
EndProject
Project("{9A19103F-16F7-4668-BE54-9A1E7A4F7556}") = "ElasticSearchPoC.Service", "ElasticSearchPoC.Service\ElasticSearchPoC.Service.csproj", "{1724F025-F795-46AA-BE1B-A81A47309DF6}"
EndProject
Global
	GlobalSection(SolutionConfigurationPlatforms) = preSolution
		Debug|Any CPU = Debug|Any CPU
		Release|Any CPU = Release|Any CPU
	EndGlobalSection
	GlobalSection(ProjectConfigurationPlatforms) = postSolution
		{8603C298-4C98-43ED-A4ED-E1E71EAB2D8D}.Debug|Any CPU.ActiveCfg = Debug|Any CPU
		{8603C298-4C98-43ED-A4ED-E1E71EAB2D8D}.Debug|Any CPU.Build.0 = Debug|Any CPU
		{8603C298-4C98-43ED-A4ED-E1E71EAB2D8D}.Release|Any CPU.ActiveCfg = Release|Any CPU
		{8603C298-4C98-43ED-A4ED-E1E71EAB2D8D}.Release|Any CPU.Build.0 = Release|Any CPU
		{9D207DE0-EA64-4FD8-B611-D154058F62EF}.Debug|Any CPU.ActiveCfg = Debug|Any CPU
		{9D207DE0-EA64-4FD8-B611-D154058F62EF}.Debug|Any CPU.Build.0 = Debug|Any CPU
		{9D207DE0-EA64-4FD8-B611-D154058F62EF}.Release|Any CPU.ActiveCfg = Release|Any CPU
		{9D207DE0-EA64-4FD8-B611-D154058F62EF}.Release|Any CPU.Build.0 = Release|Any CPU
		{7C7CF6C0-A294-43E0-97D6-9DE3AE6666BF}.Debug|Any CPU.ActiveCfg = Debug|Any CPU
		{7C7CF6C0-A294-43E0-97D6-9DE3AE6666BF}.Debug|Any CPU.Build.0 = Debug|Any CPU
		{7C7CF6C0-A294-43E0-97D6-9DE3AE6666BF}.Release|Any CPU.ActiveCfg = Release|Any CPU
		{7C7CF6C0-A294-43E0-97D6-9DE3AE6666BF}.Release|Any CPU.Build.0 = Release|Any CPU
		{A770BF36-363B-47C8-A1F6-44BC4B2ADA90}.Debug|Any CPU.ActiveCfg = Debug|Any CPU
		{A770BF36-363B-47C8-A1F6-44BC4B2ADA90}.Debug|Any CPU.Build.0 = Debug|Any CPU
		{A770BF36-363B-47C8-A1F6-44BC4B2ADA90}.Release|Any CPU.ActiveCfg = Release|Any CPU
		{A770BF36-363B-47C8-A1F6-44BC4B2ADA90}.Release|Any CPU.Build.0 = Release|Any CPU
		{8878499B-7F34-42C0-BFE3-CE3CC53ADF39}.Debug|Any CPU.ActiveCfg = Debug|Any CPU
		{8878499B-7F34-42C0-BFE3-CE3CC53ADF39}.Debug|Any CPU.Build.0 = Debug|Any CPU
		{8878499B-7F34-42C0-BFE3-CE3CC53ADF39}.Release|Any CPU.ActiveCfg = Release|Any CPU
		{8878499B-7F34-42C0-BFE3-CE3CC53ADF39}.Release|Any CPU.Build.0 = Release|Any CPU
		{1724F025-F795-46AA-BE1B-A81A47309DF6}.Debug|Any CPU.ActiveCfg = Debug|Any CPU
		{1724F025-F795-46AA-BE1B-A81A47309DF6}.Debug|Any CPU.Build.0 = Debug|Any CPU
		{1724F025-F795-46AA-BE1B-A81A47309DF6}.Release|Any CPU.ActiveCfg = Release|Any CPU
		{1724F025-F795-46AA-BE1B-A81A47309DF6}.Release|Any CPU.Build.0 = Release|Any CPU
	EndGlobalSection
	GlobalSection(SolutionProperties) = preSolution
		HideSolutionNode = FALSE
	EndGlobalSection
	GlobalSection(ExtensibilityGlobals) = postSolution
		SolutionGuid = {5C47C1F1-192A-4EA5-B76E-615D8C091006}
	EndGlobalSection
EndGlobal
